
Microsoft Visual Studio Solution File, Format Version 12.00
# Visual Studio Version 16
VisualStudioVersion = 16.0.29123.88
MinimumVisualStudioVersion = 10.0.40219.1
Project("{9A19103F-16F7-4668-BE54-9A1E7A4F7556}") = "Fiap.MasterChefReceitas.Web", "src\Fiap.MasterChefReceitas.Web\Fiap.MasterChefReceitas.Web.csproj", "{3DDF24E1-87D0-4FBF-A732-56EFB581037B}"
EndProject
Project("{FAE04EC0-301F-11D3-BF4B-00C04F79EFBC}") = "Fiap.MasterChefReceitas.Core", "Fiap.MasterChefReceitas.Core\Fiap.MasterChefReceitas.Core.csproj", "{3281A6E8-6689-4FF0-9D78-6363881181F2}"
EndProject
Project("{FAE04EC0-301F-11D3-BF4B-00C04F79EFBC}") = "Fiap.MasterChefReceitas.Api", "src\Fiap.MasterChefReceitas.Api\Fiap.MasterChefReceitas.Api.csproj", "{91347513-87FE-4038-AD4E-9AE0A47F4A36}"
EndProject
Global
	GlobalSection(SolutionConfigurationPlatforms) = preSolution
		Debug|Any CPU = Debug|Any CPU
		Release|Any CPU = Release|Any CPU
	EndGlobalSection
	GlobalSection(ProjectConfigurationPlatforms) = postSolution
		{3DDF24E1-87D0-4FBF-A732-56EFB581037B}.Debug|Any CPU.ActiveCfg = Debug|Any CPU
		{3DDF24E1-87D0-4FBF-A732-56EFB581037B}.Debug|Any CPU.Build.0 = Debug|Any CPU
		{3DDF24E1-87D0-4FBF-A732-56EFB581037B}.Release|Any CPU.ActiveCfg = Release|Any CPU
		{3DDF24E1-87D0-4FBF-A732-56EFB581037B}.Release|Any CPU.Build.0 = Release|Any CPU
		{3281A6E8-6689-4FF0-9D78-6363881181F2}.Debug|Any CPU.ActiveCfg = Debug|Any CPU
		{3281A6E8-6689-4FF0-9D78-6363881181F2}.Debug|Any CPU.Build.0 = Debug|Any CPU
		{3281A6E8-6689-4FF0-9D78-6363881181F2}.Release|Any CPU.ActiveCfg = Release|Any CPU
		{3281A6E8-6689-4FF0-9D78-6363881181F2}.Release|Any CPU.Build.0 = Release|Any CPU
		{91347513-87FE-4038-AD4E-9AE0A47F4A36}.Debug|Any CPU.ActiveCfg = Debug|Any CPU
		{91347513-87FE-4038-AD4E-9AE0A47F4A36}.Debug|Any CPU.Build.0 = Debug|Any CPU
		{91347513-87FE-4038-AD4E-9AE0A47F4A36}.Release|Any CPU.ActiveCfg = Release|Any CPU
		{91347513-87FE-4038-AD4E-9AE0A47F4A36}.Release|Any CPU.Build.0 = Release|Any CPU
	EndGlobalSection
	GlobalSection(SolutionProperties) = preSolution
		HideSolutionNode = FALSE
	EndGlobalSection
	GlobalSection(ExtensibilityGlobals) = postSolution
		SolutionGuid = {E1FA5D6A-81CB-407D-9B45-A0B137ABB9B5}
	EndGlobalSection
EndGlobal
